
Microsoft Visual Studio Solution File, Format Version 12.00
# Visual Studio Version 17
VisualStudioVersion = 17.4.33110.190
MinimumVisualStudioVersion = 10.0.40219.1
Project("{9A19103F-16F7-4668-BE54-9A1E7A4F7556}") = "HelloWorld", "HelloWorld\HelloWorld.csproj", "{1DF1EE2B-94F3-40F2-A1E8-82A6B7BDDA58}"
EndProject
Project("{9A19103F-16F7-4668-BE54-9A1E7A4F7556}") = "DataTypes", "DataTypes\DataTypes.csproj", "{294EA19D-68D7-4914-97EC-60504A6DA42E}"
EndProject
Project("{9A19103F-16F7-4668-BE54-9A1E7A4F7556}") = "Array", "Array\Array.csproj", "{789A51FF-21B2-4DF3-A96D-DF1B871FE0F3}"
EndProject
Project("{FAE04EC0-301F-11D3-BF4B-00C04F79EFBC}") = "Conditions", "Conditions\Conditions.csproj", "{45CF5A9E-E51A-45D5-B690-BC9DDCEC1DB8}"
EndProject
Project("{FAE04EC0-301F-11D3-BF4B-00C04F79EFBC}") = "InputOutput", "InputOutput\InputOutput.csproj", "{DA6BFA44-D031-4E15-8BC5-6B0E0587E01C}"
EndProject
Project("{FAE04EC0-301F-11D3-BF4B-00C04F79EFBC}") = "Loops", "Loops\Loops.csproj", "{091F9424-C4E4-4FF3-96DE-A9137729FEBD}"
EndProject
Project("{FAE04EC0-301F-11D3-BF4B-00C04F79EFBC}") = "Operators", "Operators\Operators.csproj", "{FC849FF1-E369-4EC1-8A1A-FCAF84B1D6A6}"
EndProject
Global
	GlobalSection(SolutionConfigurationPlatforms) = preSolution
		Debug|Any CPU = Debug|Any CPU
		Release|Any CPU = Release|Any CPU
	EndGlobalSection
	GlobalSection(ProjectConfigurationPlatforms) = postSolution
		{1DF1EE2B-94F3-40F2-A1E8-82A6B7BDDA58}.Debug|Any CPU.ActiveCfg = Debug|Any CPU
		{1DF1EE2B-94F3-40F2-A1E8-82A6B7BDDA58}.Debug|Any CPU.Build.0 = Debug|Any CPU
		{1DF1EE2B-94F3-40F2-A1E8-82A6B7BDDA58}.Release|Any CPU.ActiveCfg = Release|Any CPU
		{1DF1EE2B-94F3-40F2-A1E8-82A6B7BDDA58}.Release|Any CPU.Build.0 = Release|Any CPU
		{294EA19D-68D7-4914-97EC-60504A6DA42E}.Debug|Any CPU.ActiveCfg = Debug|Any CPU
		{294EA19D-68D7-4914-97EC-60504A6DA42E}.Debug|Any CPU.Build.0 = Debug|Any CPU
		{294EA19D-68D7-4914-97EC-60504A6DA42E}.Release|Any CPU.ActiveCfg = Release|Any CPU
		{294EA19D-68D7-4914-97EC-60504A6DA42E}.Release|Any CPU.Build.0 = Release|Any CPU
		{789A51FF-21B2-4DF3-A96D-DF1B871FE0F3}.Debug|Any CPU.ActiveCfg = Debug|Any CPU
		{789A51FF-21B2-4DF3-A96D-DF1B871FE0F3}.Debug|Any CPU.Build.0 = Debug|Any CPU
		{789A51FF-21B2-4DF3-A96D-DF1B871FE0F3}.Release|Any CPU.ActiveCfg = Release|Any CPU
		{789A51FF-21B2-4DF3-A96D-DF1B871FE0F3}.Release|Any CPU.Build.0 = Release|Any CPU
		{45CF5A9E-E51A-45D5-B690-BC9DDCEC1DB8}.Debug|Any CPU.ActiveCfg = Debug|Any CPU
		{45CF5A9E-E51A-45D5-B690-BC9DDCEC1DB8}.Debug|Any CPU.Build.0 = Debug|Any CPU
		{45CF5A9E-E51A-45D5-B690-BC9DDCEC1DB8}.Release|Any CPU.ActiveCfg = Release|Any CPU
		{45CF5A9E-E51A-45D5-B690-BC9DDCEC1DB8}.Release|Any CPU.Build.0 = Release|Any CPU
		{DA6BFA44-D031-4E15-8BC5-6B0E0587E01C}.Debug|Any CPU.ActiveCfg = Debug|Any CPU
		{DA6BFA44-D031-4E15-8BC5-6B0E0587E01C}.Debug|Any CPU.Build.0 = Debug|Any CPU
		{DA6BFA44-D031-4E15-8BC5-6B0E0587E01C}.Release|Any CPU.ActiveCfg = Release|Any CPU
		{DA6BFA44-D031-4E15-8BC5-6B0E0587E01C}.Release|Any CPU.Build.0 = Release|Any CPU
		{091F9424-C4E4-4FF3-96DE-A9137729FEBD}.Debug|Any CPU.ActiveCfg = Debug|Any CPU
		{091F9424-C4E4-4FF3-96DE-A9137729FEBD}.Debug|Any CPU.Build.0 = Debug|Any CPU
		{091F9424-C4E4-4FF3-96DE-A9137729FEBD}.Release|Any CPU.ActiveCfg = Release|Any CPU
		{091F9424-C4E4-4FF3-96DE-A9137729FEBD}.Release|Any CPU.Build.0 = Release|Any CPU
		{FC849FF1-E369-4EC1-8A1A-FCAF84B1D6A6}.Debug|Any CPU.ActiveCfg = Debug|Any CPU
		{FC849FF1-E369-4EC1-8A1A-FCAF84B1D6A6}.Debug|Any CPU.Build.0 = Debug|Any CPU
		{FC849FF1-E369-4EC1-8A1A-FCAF84B1D6A6}.Release|Any CPU.ActiveCfg = Release|Any CPU
		{FC849FF1-E369-4EC1-8A1A-FCAF84B1D6A6}.Release|Any CPU.Build.0 = Release|Any CPU
	EndGlobalSection
	GlobalSection(SolutionProperties) = preSolution
		HideSolutionNode = FALSE
	EndGlobalSection
	GlobalSection(ExtensibilityGlobals) = postSolution
		SolutionGuid = {D1CDF8DB-3896-4308-AF22-A6C842E70173}
	EndGlobalSection
EndGlobal
